
Microsoft Visual Studio Solution File, Format Version 12.00
# Visual Studio Version 16
VisualStudioVersion = 16.0.32126.315
MinimumVisualStudioVersion = 10.0.40219.1
Project("{8BC9CEB8-8B4A-11D0-8D11-00A0C91BC942}") = "Practice_WinAPI_2DC", "Practice_WinAPI_2DC\Practice_WinAPI_2DC.vcxproj", "{B2A96053-DBA9-47AB-813C-3F3DEBE6B896}"
EndProject
Global
	GlobalSection(SolutionConfigurationPlatforms) = preSolution
		Debug|x64 = Debug|x64
		Debug|x86 = Debug|x86
		Release|x64 = Release|x64
		Release|x86 = Release|x86
	EndGlobalSection
	GlobalSection(ProjectConfigurationPlatforms) = postSolution
		{B2A96053-DBA9-47AB-813C-3F3DEBE6B896}.Debug|x64.ActiveCfg = Debug|x64
		{B2A96053-DBA9-47AB-813C-3F3DEBE6B896}.Debug|x64.Build.0 = Debug|x64
		{B2A96053-DBA9-47AB-813C-3F3DEBE6B896}.Debug|x86.ActiveCfg = Debug|Win32
		{B2A96053-DBA9-47AB-813C-3F3DEBE6B896}.Debug|x86.Build.0 = Debug|Win32
		{B2A96053-DBA9-47AB-813C-3F3DEBE6B896}.Release|x64.ActiveCfg = Release|x64
		{B2A96053-DBA9-47AB-813C-3F3DEBE6B896}.Release|x64.Build.0 = Release|x64
		{B2A96053-DBA9-47AB-813C-3F3DEBE6B896}.Release|x86.ActiveCfg = Release|Win32
		{B2A96053-DBA9-47AB-813C-3F3DEBE6B896}.Release|x86.Build.0 = Release|Win32
	EndGlobalSection
	GlobalSection(SolutionProperties) = preSolution
		HideSolutionNode = FALSE
	EndGlobalSection
	GlobalSection(ExtensibilityGlobals) = postSolution
		SolutionGuid = {F9C75F83-0FDD-4D09-AA80-9370F86C960A}
	EndGlobalSection
EndGlobal
