<?xml version="1.0" encoding="utf-8"?>
<Project ToolsVersion="4.0" xmlns="http://schemas.microsoft.com/developer/msbuild/2003">
  <ItemGroup>
    <Filter Include="소스 파일">
      <UniqueIdentifier>{4FC737F1-C7A5-4376-A066-2A32D752A2FF}</UniqueIdentifier>
      <Extensions>cpp;c;cc;cxx;c++;cppm;ixx;def;odl;idl;hpj;bat;asm;asmx</Extensions>
    </Filter>
    <Filter Include="헤더 파일">
      <UniqueIdentifier>{93995380-89BD-4b04-88EB-625FBE52EBFB}</UniqueIdentifier>
      <Extensions>h;hh;hpp;hxx;h++;hm;inl;inc;ipp;xsd</Extensions>
    </Filter>
    <Filter Include="리소스 파일">
      <UniqueIdentifier>{67DA6AB6-F800-4c08-8B7A-83BB121AAD01}</UniqueIdentifier>
      <Extensions>rc;ico;cur;bmp;dlg;rc2;rct;bin;rgs;gif;jpg;jpeg;jpe;resx;tiff;tif;png;wav;mfcribbon-ms</Extensions>
    </Filter>
    <Filter Include="Engine">
      <UniqueIdentifier>{c4520bad-c497-409e-9d60-2122a05cb3df}</UniqueIdentifier>
    </Filter>
    <Filter Include="Utility">
      <UniqueIdentifier>{af0efe27-1583-4251-98c6-cc56f364ae9d}</UniqueIdentifier>
    </Filter>
    <Filter Include="Engine\Core">
      <UniqueIdentifier>{c7e8aba3-d9fd-4755-8eda-b42d7815bd47}</UniqueIdentifier>
    </Filter>
    <Filter Include="Engine\Managers">
      <UniqueIdentifier>{90d75259-99f6-42b1-9348-365ade9a54fe}</UniqueIdentifier>
    </Filter>
    <Filter Include="Engine\Objects">
      <UniqueIdentifier>{b2388ad0-42e4-491c-9047-2f3af82eb24c}</UniqueIdentifier>
    </Filter>
    <Filter Include="Engine\Scene">
      <UniqueIdentifier>{8f37b6c6-e45c-4484-9b7a-45264117fd56}</UniqueIdentifier>
    </Filter>
    <Filter Include="Engine\Objects\Player">
      <UniqueIdentifier>{a108db38-f204-4f88-a14f-ffec2686afbe}</UniqueIdentifier>
    </Filter>
    <Filter Include="Engine\Objects\Monster">
      <UniqueIdentifier>{2012289b-6d2d-41ca-9918-28141da4db52}</UniqueIdentifier>
    </Filter>
    <Filter Include="Engine\Objects\Bullet">
      <UniqueIdentifier>{0473f903-a4c5-4bd1-becf-6ba03c6ac202}</UniqueIdentifier>
    </Filter>
    <Filter Include="Engine\Resource">
      <UniqueIdentifier>{9b12c275-9f2e-4d90-b152-f7ba8c1ac23d}</UniqueIdentifier>
    </Filter>
    <Filter Include="Engine\Resource\Texture">
      <UniqueIdentifier>{68981c37-b25e-4015-ad4d-43edf2efa073}</UniqueIdentifier>
    </Filter>
    <Filter Include="Engine\Resource\Sound">
      <UniqueIdentifier>{ebabf32b-4abb-4f20-9a86-9eb9851e4efd}</UniqueIdentifier>
    </Filter>
    <Filter Include="Engine\Objects\Tiles">
      <UniqueIdentifier>{02a0f7d3-d772-4c39-bf0d-21a914bfc698}</UniqueIdentifier>
    </Filter>
  </ItemGroup>
  <ItemGroup>
    <ClInclude Include="framework.h">
      <Filter>헤더 파일</Filter>
    </ClInclude>
    <ClInclude Include="targetver.h">
      <Filter>헤더 파일</Filter>
    </ClInclude>
    <ClInclude Include="Practice_WinAPI_2DC.h">
      <Filter>헤더 파일</Filter>
    </ClInclude>
    <ClInclude Include="SingleTon.h">
      <Filter>Utility</Filter>
    </ClInclude>
    <ClInclude Include="Struct.h">
      <Filter>헤더 파일</Filter>
    </ClInclude>
    <ClInclude Include="CCore.h">
      <Filter>Engine\Core</Filter>
    </ClInclude>
    <ClInclude Include="KeyManager.h">
      <Filter>Engine\Managers</Filter>
    </ClInclude>
    <ClInclude Include="TimeManager.h">
      <Filter>Engine\Managers</Filter>
    </ClInclude>
    <ClInclude Include="GameObject.h">
      <Filter>Engine\Objects</Filter>
    </ClInclude>
    <ClInclude Include="SceneManager.h">
      <Filter>Engine\Managers</Filter>
    </ClInclude>
    <ClInclude Include="Player.h">
      <Filter>Engine\Objects\Player</Filter>
    </ClInclude>
    <ClInclude Include="Monster.h">
      <Filter>Engine\Objects\Monster</Filter>
    </ClInclude>
    <ClInclude Include="Bullet.h">
      <Filter>Engine\Objects\Bullet</Filter>
    </ClInclude>
    <ClInclude Include="Resource.h">
      <Filter>헤더 파일</Filter>
    </ClInclude>
    <ClInclude Include="Source.h">
      <Filter>Engine\Resource</Filter>
    </ClInclude>
    <ClInclude Include="Texture.h">
      <Filter>Engine\Resource\Texture</Filter>
    </ClInclude>
    <ClInclude Include="CSound.h">
      <Filter>Engine\Resource\Sound</Filter>
    </ClInclude>
    <ClInclude Include="PathManager.h">
      <Filter>Engine\Managers</Filter>
    </ClInclude>
    <ClInclude Include="Tile.h">
      <Filter>Engine\Objects\Tiles</Filter>
    </ClInclude>
    <ClInclude Include="UIManager.h">
      <Filter>Engine\Managers</Filter>
    </ClInclude>
    <ClInclude Include="ResourceManager.h">
      <Filter>Engine\Managers</Filter>
    </ClInclude>
    <ClInclude Include="Scene.h">
      <Filter>Engine\Scene</Filter>
    </ClInclude>
    <ClInclude Include="SceneStart.h">
      <Filter>Engine\Scene</Filter>
    </ClInclude>
    <ClInclude Include="SoundManager.h">
      <Filter>Engine\Managers</Filter>
    </ClInclude>
  </ItemGroup>
  <ItemGroup>
    <ClCompile Include="Practice_WinAPI_2DC.cpp">
      <Filter>소스 파일</Filter>
    </ClCompile>
    <ClCompile Include="CCore.cpp">
      <Filter>Engine\Core</Filter>
    </ClCompile>
    <ClCompile Include="KeyManager.cpp">
      <Filter>Engine\Managers</Filter>
    </ClCompile>
    <ClCompile Include="TimeManager.cpp">
      <Filter>Engine\Managers</Filter>
    </ClCompile>
    <ClCompile Include="GameObject.cpp">
      <Filter>Engine\Objects</Filter>
    </ClCompile>
    <ClCompile Include="SceneManager.cpp">
      <Filter>Engine\Managers</Filter>
    </ClCompile>
    <ClCompile Include="Player.cpp">
      <Filter>Engine\Objects\Player</Filter>
    </ClCompile>
    <ClCompile Include="Monster.cpp">
      <Filter>Engine\Objects\Monster</Filter>
    </ClCompile>
    <ClCompile Include="Bullet.cpp">
      <Filter>Engine\Objects\Bullet</Filter>
    </ClCompile>
    <ClCompile Include="Source.cpp">
      <Filter>Engine\Resource</Filter>
    </ClCompile>
    <ClCompile Include="Texture.cpp">
      <Filter>Engine\Resource\Texture</Filter>
    </ClCompile>
    <ClCompile Include="CSound.cpp">
      <Filter>Engine\Resource\Sound</Filter>
    </ClCompile>
    <ClCompile Include="PathManager.cpp">
      <Filter>Engine\Managers</Filter>
    </ClCompile>
    <ClCompile Include="Tile.cpp">
      <Filter>Engine\Objects\Tiles</Filter>
    </ClCompile>
    <ClCompile Include="UIManager.cpp">
      <Filter>Engine\Managers</Filter>
    </ClCompile>
    <ClCompile Include="ResourceManager.cpp">
      <Filter>Engine\Managers</Filter>
    </ClCompile>
    <ClCompile Include="Scene.cpp">
      <Filter>Engine\Scene</Filter>
    </ClCompile>
    <ClCompile Include="SceneStart.cpp">
      <Filter>Engine\Scene</Filter>
    </ClCompile>
    <ClCompile Include="SoundManager.cpp">
      <Filter>Engine\Managers</Filter>
    </ClCompile>
  </ItemGroup>
  <ItemGroup>
    <ResourceCompile Include="Practice_WinAPI_2DC.rc">
      <Filter>리소스 파일</Filter>
    </ResourceCompile>
  </ItemGroup>
  <ItemGroup>
    <Image Include="small.ico">
      <Filter>리소스 파일</Filter>
    </Image>
    <Image Include="Practice_WinAPI_2DC.ico">
      <Filter>리소스 파일</Filter>
    </Image>
  </ItemGroup>
  <ItemGroup>
    <None Include="ClassDiagram.cd" />
    <None Include="ClassDiagram1.cd" />
  </ItemGroup>
</Project>